
Microsoft Visual Studio Solution File, Format Version 12.00
# Visual Studio Version 17
VisualStudioVersion = 17.9.34728.123
MinimumVisualStudioVersion = 10.0.40219.1
Project("{D2ABAB84-BF74-430A-B69E-9DC6D40DDA17}") = "PoliceTraficDepartmentWarehouseTask4", "MultidimensionalProject1\PoliceTraficDepartmentWarehouseTask4.dwproj", "{68B58943-1F67-4A2D-A560-B628AC27B2CD}"
EndProject
Global
	GlobalSection(SolutionConfigurationPlatforms) = preSolution
		Development|Default = Development|Default
	EndGlobalSection
	GlobalSection(ProjectConfigurationPlatforms) = postSolution
		{68B58943-1F67-4A2D-A560-B628AC27B2CD}.Development|Default.ActiveCfg = Development
		{68B58943-1F67-4A2D-A560-B628AC27B2CD}.Development|Default.Build.0 = Development
		{68B58943-1F67-4A2D-A560-B628AC27B2CD}.Development|Default.Deploy.0 = Development
	EndGlobalSection
	GlobalSection(SolutionProperties) = preSolution
		HideSolutionNode = FALSE
	EndGlobalSection
	GlobalSection(ExtensibilityGlobals) = postSolution
		SolutionGuid = {4EFAD567-091C-47B6-A901-4DBCC852BA64}
	EndGlobalSection
EndGlobal
